
Microsoft Visual Studio Solution File, Format Version 12.00
# Visual Studio 15
VisualStudioVersion = 15.0.28010.2036
MinimumVisualStudioVersion = 10.0.40219.1
Project("{8BC9CEB8-8B4A-11D0-8D11-00A0C91BC942}") = "SimpleFactory", "SimpleFactory\SimpleFactory.vcxproj", "{401B249A-9D77-4054-A14B-BFEE57BF1921}"
EndProject
Project("{8BC9CEB8-8B4A-11D0-8D11-00A0C91BC942}") = "FactoryMethod", "FactoryMethod\FactoryMethod.vcxproj", "{A2012326-5566-4743-BD8B-16E6DBA8C729}"
EndProject
Project("{8BC9CEB8-8B4A-11D0-8D11-00A0C91BC942}") = "AbstractFactory", "AbstractFactory\AbstractFactory.vcxproj", "{535E4409-53B0-4379-ACBC-AF1AF2891D9F}"
EndProject
Project("{8BC9CEB8-8B4A-11D0-8D11-00A0C91BC942}") = "Builder", "Builder\Builder.vcxproj", "{EABC3F9C-CFFC-47B2-BC16-780063D42DAF}"
EndProject
Project("{8BC9CEB8-8B4A-11D0-8D11-00A0C91BC942}") = "Singleton", "Singleton\Singleton.vcxproj", "{8AE5557A-97CD-499C-A582-C92688D66011}"
EndProject
Project("{8BC9CEB8-8B4A-11D0-8D11-00A0C91BC942}") = "Adapter(Object)", "Adapter(Object)\Adapter(Object).vcxproj", "{524354B6-2EF2-48EB-B53A-53A5DAF7F5BC}"
EndProject
Project("{8BC9CEB8-8B4A-11D0-8D11-00A0C91BC942}") = "Adapter(Class)", "Adapter(Class)\Adapter(Class).vcxproj", "{6D768D65-2B61-4FDF-88EA-DED8380ABA56}"
EndProject
Project("{8BC9CEB8-8B4A-11D0-8D11-00A0C91BC942}") = "Bridge", "Bridge\Bridge.vcxproj", "{31BFE037-19B9-4AD8-8C0B-0BDB79118AD3}"
EndProject
Project("{8BC9CEB8-8B4A-11D0-8D11-00A0C91BC942}") = "Decorator", "Decorator\Decorator.vcxproj", "{024C5A48-2D14-479B-A8B3-CD7890F8B4D2}"
EndProject
Project("{8BC9CEB8-8B4A-11D0-8D11-00A0C91BC942}") = "Facade", "Facade\Facade.vcxproj", "{500094FD-BF70-486D-946C-81B011261CFE}"
EndProject
Project("{8BC9CEB8-8B4A-11D0-8D11-00A0C91BC942}") = "Flyweight", "Flyweight\Flyweight.vcxproj", "{AF1F5CE3-0C93-4839-8646-9C6B7F8F67CB}"
EndProject
Project("{8BC9CEB8-8B4A-11D0-8D11-00A0C91BC942}") = "Proxy", "Proxy\Proxy.vcxproj", "{8C6B0C91-DC95-4950-8408-D30525A305F0}"
EndProject
Project("{8BC9CEB8-8B4A-11D0-8D11-00A0C91BC942}") = "Command", "Command\Command.vcxproj", "{A584BF74-15CD-4B70-9203-C0D4B96A3056}"
EndProject
Project("{8BC9CEB8-8B4A-11D0-8D11-00A0C91BC942}") = "Mediator", "Mediator\Mediator.vcxproj", "{58FE28CD-5306-4202-9063-FA2939BA256A}"
EndProject
Project("{8BC9CEB8-8B4A-11D0-8D11-00A0C91BC942}") = "Observer", "Observer\Observer.vcxproj", "{58196132-18D7-425C-93EE-FEF517720932}"
EndProject
Project("{8BC9CEB8-8B4A-11D0-8D11-00A0C91BC942}") = "State", "State\State.vcxproj", "{CDBF1EE1-97E8-4C90-9490-B92DF0E7A963}"
EndProject
Project("{8BC9CEB8-8B4A-11D0-8D11-00A0C91BC942}") = "Strategy", "Strategy\Strategy.vcxproj", "{41083E91-1971-4E00-8B97-62F65B1F7E30}"
EndProject
Project("{8BC9CEB8-8B4A-11D0-8D11-00A0C91BC942}") = "Prototype", "Prototype\Prototype.vcxproj", "{B84F4AC3-EDB3-4FC9-94DB-9C357A243CDB}"
EndProject
Project("{8BC9CEB8-8B4A-11D0-8D11-00A0C91BC942}") = "Composite", "Composite\Composite.vcxproj", "{31EEF13E-05C6-4779-8C0B-E9F5A951E7B9}"
EndProject
Global
	GlobalSection(SolutionConfigurationPlatforms) = preSolution
		Debug|x64 = Debug|x64
		Debug|x86 = Debug|x86
		Release|x64 = Release|x64
		Release|x86 = Release|x86
	EndGlobalSection
	GlobalSection(ProjectConfigurationPlatforms) = postSolution
		{401B249A-9D77-4054-A14B-BFEE57BF1921}.Debug|x64.ActiveCfg = Debug|x64
		{401B249A-9D77-4054-A14B-BFEE57BF1921}.Debug|x64.Build.0 = Debug|x64
		{401B249A-9D77-4054-A14B-BFEE57BF1921}.Debug|x86.ActiveCfg = Debug|Win32
		{401B249A-9D77-4054-A14B-BFEE57BF1921}.Debug|x86.Build.0 = Debug|Win32
		{401B249A-9D77-4054-A14B-BFEE57BF1921}.Release|x64.ActiveCfg = Release|x64
		{401B249A-9D77-4054-A14B-BFEE57BF1921}.Release|x64.Build.0 = Release|x64
		{401B249A-9D77-4054-A14B-BFEE57BF1921}.Release|x86.ActiveCfg = Release|Win32
		{401B249A-9D77-4054-A14B-BFEE57BF1921}.Release|x86.Build.0 = Release|Win32
		{A2012326-5566-4743-BD8B-16E6DBA8C729}.Debug|x64.ActiveCfg = Debug|x64
		{A2012326-5566-4743-BD8B-16E6DBA8C729}.Debug|x64.Build.0 = Debug|x64
		{A2012326-5566-4743-BD8B-16E6DBA8C729}.Debug|x86.ActiveCfg = Debug|Win32
		{A2012326-5566-4743-BD8B-16E6DBA8C729}.Debug|x86.Build.0 = Debug|Win32
		{A2012326-5566-4743-BD8B-16E6DBA8C729}.Release|x64.ActiveCfg = Release|x64
		{A2012326-5566-4743-BD8B-16E6DBA8C729}.Release|x64.Build.0 = Release|x64
		{A2012326-5566-4743-BD8B-16E6DBA8C729}.Release|x86.ActiveCfg = Release|Win32
		{A2012326-5566-4743-BD8B-16E6DBA8C729}.Release|x86.Build.0 = Release|Win32
		{535E4409-53B0-4379-ACBC-AF1AF2891D9F}.Debug|x64.ActiveCfg = Debug|x64
		{535E4409-53B0-4379-ACBC-AF1AF2891D9F}.Debug|x64.Build.0 = Debug|x64
		{535E4409-53B0-4379-ACBC-AF1AF2891D9F}.Debug|x86.ActiveCfg = Debug|Win32
		{535E4409-53B0-4379-ACBC-AF1AF2891D9F}.Debug|x86.Build.0 = Debug|Win32
		{535E4409-53B0-4379-ACBC-AF1AF2891D9F}.Release|x64.ActiveCfg = Release|x64
		{535E4409-53B0-4379-ACBC-AF1AF2891D9F}.Release|x64.Build.0 = Release|x64
		{535E4409-53B0-4379-ACBC-AF1AF2891D9F}.Release|x86.ActiveCfg = Release|Win32
		{535E4409-53B0-4379-ACBC-AF1AF2891D9F}.Release|x86.Build.0 = Release|Win32
		{EABC3F9C-CFFC-47B2-BC16-780063D42DAF}.Debug|x64.ActiveCfg = Debug|x64
		{EABC3F9C-CFFC-47B2-BC16-780063D42DAF}.Debug|x64.Build.0 = Debug|x64
		{EABC3F9C-CFFC-47B2-BC16-780063D42DAF}.Debug|x86.ActiveCfg = Debug|Win32
		{EABC3F9C-CFFC-47B2-BC16-780063D42DAF}.Debug|x86.Build.0 = Debug|Win32
		{EABC3F9C-CFFC-47B2-BC16-780063D42DAF}.Release|x64.ActiveCfg = Release|x64
		{EABC3F9C-CFFC-47B2-BC16-780063D42DAF}.Release|x64.Build.0 = Release|x64
		{EABC3F9C-CFFC-47B2-BC16-780063D42DAF}.Release|x86.ActiveCfg = Release|Win32
		{EABC3F9C-CFFC-47B2-BC16-780063D42DAF}.Release|x86.Build.0 = Release|Win32
		{8AE5557A-97CD-499C-A582-C92688D66011}.Debug|x64.ActiveCfg = Debug|x64
		{8AE5557A-97CD-499C-A582-C92688D66011}.Debug|x64.Build.0 = Debug|x64
		{8AE5557A-97CD-499C-A582-C92688D66011}.Debug|x86.ActiveCfg = Debug|Win32
		{8AE5557A-97CD-499C-A582-C92688D66011}.Debug|x86.Build.0 = Debug|Win32
		{8AE5557A-97CD-499C-A582-C92688D66011}.Release|x64.ActiveCfg = Release|x64
		{8AE5557A-97CD-499C-A582-C92688D66011}.Release|x64.Build.0 = Release|x64
		{8AE5557A-97CD-499C-A582-C92688D66011}.Release|x86.ActiveCfg = Release|Win32
		{8AE5557A-97CD-499C-A582-C92688D66011}.Release|x86.Build.0 = Release|Win32
		{524354B6-2EF2-48EB-B53A-53A5DAF7F5BC}.Debug|x64.ActiveCfg = Debug|x64
		{524354B6-2EF2-48EB-B53A-53A5DAF7F5BC}.Debug|x64.Build.0 = Debug|x64
		{524354B6-2EF2-48EB-B53A-53A5DAF7F5BC}.Debug|x86.ActiveCfg = Debug|Win32
		{524354B6-2EF2-48EB-B53A-53A5DAF7F5BC}.Debug|x86.Build.0 = Debug|Win32
		{524354B6-2EF2-48EB-B53A-53A5DAF7F5BC}.Release|x64.ActiveCfg = Release|x64
		{524354B6-2EF2-48EB-B53A-53A5DAF7F5BC}.Release|x64.Build.0 = Release|x64
		{524354B6-2EF2-48EB-B53A-53A5DAF7F5BC}.Release|x86.ActiveCfg = Release|Win32
		{524354B6-2EF2-48EB-B53A-53A5DAF7F5BC}.Release|x86.Build.0 = Release|Win32
		{6D768D65-2B61-4FDF-88EA-DED8380ABA56}.Debug|x64.ActiveCfg = Debug|x64
		{6D768D65-2B61-4FDF-88EA-DED8380ABA56}.Debug|x64.Build.0 = Debug|x64
		{6D768D65-2B61-4FDF-88EA-DED8380ABA56}.Debug|x86.ActiveCfg = Debug|Win32
		{6D768D65-2B61-4FDF-88EA-DED8380ABA56}.Debug|x86.Build.0 = Debug|Win32
		{6D768D65-2B61-4FDF-88EA-DED8380ABA56}.Release|x64.ActiveCfg = Release|x64
		{6D768D65-2B61-4FDF-88EA-DED8380ABA56}.Release|x64.Build.0 = Release|x64
		{6D768D65-2B61-4FDF-88EA-DED8380ABA56}.Release|x86.ActiveCfg = Release|Win32
		{6D768D65-2B61-4FDF-88EA-DED8380ABA56}.Release|x86.Build.0 = Release|Win32
		{31BFE037-19B9-4AD8-8C0B-0BDB79118AD3}.Debug|x64.ActiveCfg = Debug|x64
		{31BFE037-19B9-4AD8-8C0B-0BDB79118AD3}.Debug|x64.Build.0 = Debug|x64
		{31BFE037-19B9-4AD8-8C0B-0BDB79118AD3}.Debug|x86.ActiveCfg = Debug|Win32
		{31BFE037-19B9-4AD8-8C0B-0BDB79118AD3}.Debug|x86.Build.0 = Debug|Win32
		{31BFE037-19B9-4AD8-8C0B-0BDB79118AD3}.Release|x64.ActiveCfg = Release|x64
		{31BFE037-19B9-4AD8-8C0B-0BDB79118AD3}.Release|x64.Build.0 = Release|x64
		{31BFE037-19B9-4AD8-8C0B-0BDB79118AD3}.Release|x86.ActiveCfg = Release|Win32
		{31BFE037-19B9-4AD8-8C0B-0BDB79118AD3}.Release|x86.Build.0 = Release|Win32
		{024C5A48-2D14-479B-A8B3-CD7890F8B4D2}.Debug|x64.ActiveCfg = Debug|x64
		{024C5A48-2D14-479B-A8B3-CD7890F8B4D2}.Debug|x64.Build.0 = Debug|x64
		{024C5A48-2D14-479B-A8B3-CD7890F8B4D2}.Debug|x86.ActiveCfg = Debug|Win32
		{024C5A48-2D14-479B-A8B3-CD7890F8B4D2}.Debug|x86.Build.0 = Debug|Win32
		{024C5A48-2D14-479B-A8B3-CD7890F8B4D2}.Release|x64.ActiveCfg = Release|x64
		{024C5A48-2D14-479B-A8B3-CD7890F8B4D2}.Release|x64.Build.0 = Release|x64
		{024C5A48-2D14-479B-A8B3-CD7890F8B4D2}.Release|x86.ActiveCfg = Release|Win32
		{024C5A48-2D14-479B-A8B3-CD7890F8B4D2}.Release|x86.Build.0 = Release|Win32
		{500094FD-BF70-486D-946C-81B011261CFE}.Debug|x64.ActiveCfg = Debug|x64
		{500094FD-BF70-486D-946C-81B011261CFE}.Debug|x64.Build.0 = Debug|x64
		{500094FD-BF70-486D-946C-81B011261CFE}.Debug|x86.ActiveCfg = Debug|Win32
		{500094FD-BF70-486D-946C-81B011261CFE}.Debug|x86.Build.0 = Debug|Win32
		{500094FD-BF70-486D-946C-81B011261CFE}.Release|x64.ActiveCfg = Release|x64
		{500094FD-BF70-486D-946C-81B011261CFE}.Release|x64.Build.0 = Release|x64
		{500094FD-BF70-486D-946C-81B011261CFE}.Release|x86.ActiveCfg = Release|Win32
		{500094FD-BF70-486D-946C-81B011261CFE}.Release|x86.Build.0 = Release|Win32
		{AF1F5CE3-0C93-4839-8646-9C6B7F8F67CB}.Debug|x64.ActiveCfg = Debug|x64
		{AF1F5CE3-0C93-4839-8646-9C6B7F8F67CB}.Debug|x64.Build.0 = Debug|x64
		{AF1F5CE3-0C93-4839-8646-9C6B7F8F67CB}.Debug|x86.ActiveCfg = Debug|Win32
		{AF1F5CE3-0C93-4839-8646-9C6B7F8F67CB}.Debug|x86.Build.0 = Debug|Win32
		{AF1F5CE3-0C93-4839-8646-9C6B7F8F67CB}.Release|x64.ActiveCfg = Release|x64
		{AF1F5CE3-0C93-4839-8646-9C6B7F8F67CB}.Release|x64.Build.0 = Release|x64
		{AF1F5CE3-0C93-4839-8646-9C6B7F8F67CB}.Release|x86.ActiveCfg = Release|Win32
		{AF1F5CE3-0C93-4839-8646-9C6B7F8F67CB}.Release|x86.Build.0 = Release|Win32
		{8C6B0C91-DC95-4950-8408-D30525A305F0}.Debug|x64.ActiveCfg = Debug|x64
		{8C6B0C91-DC95-4950-8408-D30525A305F0}.Debug|x64.Build.0 = Debug|x64
		{8C6B0C91-DC95-4950-8408-D30525A305F0}.Debug|x86.ActiveCfg = Debug|Win32
		{8C6B0C91-DC95-4950-8408-D30525A305F0}.Debug|x86.Build.0 = Debug|Win32
		{8C6B0C91-DC95-4950-8408-D30525A305F0}.Release|x64.ActiveCfg = Release|x64
		{8C6B0C91-DC95-4950-8408-D30525A305F0}.Release|x64.Build.0 = Release|x64
		{8C6B0C91-DC95-4950-8408-D30525A305F0}.Release|x86.ActiveCfg = Release|Win32
		{8C6B0C91-DC95-4950-8408-D30525A305F0}.Release|x86.Build.0 = Release|Win32
		{A584BF74-15CD-4B70-9203-C0D4B96A3056}.Debug|x64.ActiveCfg = Debug|x64
		{A584BF74-15CD-4B70-9203-C0D4B96A3056}.Debug|x64.Build.0 = Debug|x64
		{A584BF74-15CD-4B70-9203-C0D4B96A3056}.Debug|x86.ActiveCfg = Debug|Win32
		{A584BF74-15CD-4B70-9203-C0D4B96A3056}.Debug|x86.Build.0 = Debug|Win32
		{A584BF74-15CD-4B70-9203-C0D4B96A3056}.Release|x64.ActiveCfg = Release|x64
		{A584BF74-15CD-4B70-9203-C0D4B96A3056}.Release|x64.Build.0 = Release|x64
		{A584BF74-15CD-4B70-9203-C0D4B96A3056}.Release|x86.ActiveCfg = Release|Win32
		{A584BF74-15CD-4B70-9203-C0D4B96A3056}.Release|x86.Build.0 = Release|Win32
		{58FE28CD-5306-4202-9063-FA2939BA256A}.Debug|x64.ActiveCfg = Debug|x64
		{58FE28CD-5306-4202-9063-FA2939BA256A}.Debug|x64.Build.0 = Debug|x64
		{58FE28CD-5306-4202-9063-FA2939BA256A}.Debug|x86.ActiveCfg = Debug|Win32
		{58FE28CD-5306-4202-9063-FA2939BA256A}.Debug|x86.Build.0 = Debug|Win32
		{58FE28CD-5306-4202-9063-FA2939BA256A}.Release|x64.ActiveCfg = Release|x64
		{58FE28CD-5306-4202-9063-FA2939BA256A}.Release|x64.Build.0 = Release|x64
		{58FE28CD-5306-4202-9063-FA2939BA256A}.Release|x86.ActiveCfg = Release|Win32
		{58FE28CD-5306-4202-9063-FA2939BA256A}.Release|x86.Build.0 = Release|Win32
		{58196132-18D7-425C-93EE-FEF517720932}.Debug|x64.ActiveCfg = Debug|x64
		{58196132-18D7-425C-93EE-FEF517720932}.Debug|x64.Build.0 = Debug|x64
		{58196132-18D7-425C-93EE-FEF517720932}.Debug|x86.ActiveCfg = Debug|Win32
		{58196132-18D7-425C-93EE-FEF517720932}.Debug|x86.Build.0 = Debug|Win32
		{58196132-18D7-425C-93EE-FEF517720932}.Release|x64.ActiveCfg = Release|x64
		{58196132-18D7-425C-93EE-FEF517720932}.Release|x64.Build.0 = Release|x64
		{58196132-18D7-425C-93EE-FEF517720932}.Release|x86.ActiveCfg = Release|Win32
		{58196132-18D7-425C-93EE-FEF517720932}.Release|x86.Build.0 = Release|Win32
		{CDBF1EE1-97E8-4C90-9490-B92DF0E7A963}.Debug|x64.ActiveCfg = Debug|x64
		{CDBF1EE1-97E8-4C90-9490-B92DF0E7A963}.Debug|x64.Build.0 = Debug|x64
		{CDBF1EE1-97E8-4C90-9490-B92DF0E7A963}.Debug|x86.ActiveCfg = Debug|Win32
		{CDBF1EE1-97E8-4C90-9490-B92DF0E7A963}.Debug|x86.Build.0 = Debug|Win32
		{CDBF1EE1-97E8-4C90-9490-B92DF0E7A963}.Release|x64.ActiveCfg = Release|x64
		{CDBF1EE1-97E8-4C90-9490-B92DF0E7A963}.Release|x64.Build.0 = Release|x64
		{CDBF1EE1-97E8-4C90-9490-B92DF0E7A963}.Release|x86.ActiveCfg = Release|Win32
		{CDBF1EE1-97E8-4C90-9490-B92DF0E7A963}.Release|x86.Build.0 = Release|Win32
		{41083E91-1971-4E00-8B97-62F65B1F7E30}.Debug|x64.ActiveCfg = Debug|x64
		{41083E91-1971-4E00-8B97-62F65B1F7E30}.Debug|x64.Build.0 = Debug|x64
		{41083E91-1971-4E00-8B97-62F65B1F7E30}.Debug|x86.ActiveCfg = Debug|Win32
		{41083E91-1971-4E00-8B97-62F65B1F7E30}.Debug|x86.Build.0 = Debug|Win32
		{41083E91-1971-4E00-8B97-62F65B1F7E30}.Release|x64.ActiveCfg = Release|x64
		{41083E91-1971-4E00-8B97-62F65B1F7E30}.Release|x64.Build.0 = Release|x64
		{41083E91-1971-4E00-8B97-62F65B1F7E30}.Release|x86.ActiveCfg = Release|Win32
		{41083E91-1971-4E00-8B97-62F65B1F7E30}.Release|x86.Build.0 = Release|Win32
		{B84F4AC3-EDB3-4FC9-94DB-9C357A243CDB}.Debug|x64.ActiveCfg = Debug|x64
		{B84F4AC3-EDB3-4FC9-94DB-9C357A243CDB}.Debug|x64.Build.0 = Debug|x64
		{B84F4AC3-EDB3-4FC9-94DB-9C357A243CDB}.Debug|x86.ActiveCfg = Debug|Win32
		{B84F4AC3-EDB3-4FC9-94DB-9C357A243CDB}.Debug|x86.Build.0 = Debug|Win32
		{B84F4AC3-EDB3-4FC9-94DB-9C357A243CDB}.Release|x64.ActiveCfg = Release|x64
		{B84F4AC3-EDB3-4FC9-94DB-9C357A243CDB}.Release|x64.Build.0 = Release|x64
		{B84F4AC3-EDB3-4FC9-94DB-9C357A243CDB}.Release|x86.ActiveCfg = Release|Win32
		{B84F4AC3-EDB3-4FC9-94DB-9C357A243CDB}.Release|x86.Build.0 = Release|Win32
		{31EEF13E-05C6-4779-8C0B-E9F5A951E7B9}.Debug|x64.ActiveCfg = Debug|x64
		{31EEF13E-05C6-4779-8C0B-E9F5A951E7B9}.Debug|x64.Build.0 = Debug|x64
		{31EEF13E-05C6-4779-8C0B-E9F5A951E7B9}.Debug|x86.ActiveCfg = Debug|Win32
		{31EEF13E-05C6-4779-8C0B-E9F5A951E7B9}.Debug|x86.Build.0 = Debug|Win32
		{31EEF13E-05C6-4779-8C0B-E9F5A951E7B9}.Release|x64.ActiveCfg = Release|x64
		{31EEF13E-05C6-4779-8C0B-E9F5A951E7B9}.Release|x64.Build.0 = Release|x64
		{31EEF13E-05C6-4779-8C0B-E9F5A951E7B9}.Release|x86.ActiveCfg = Release|Win32
		{31EEF13E-05C6-4779-8C0B-E9F5A951E7B9}.Release|x86.Build.0 = Release|Win32
	EndGlobalSection
	GlobalSection(SolutionProperties) = preSolution
		HideSolutionNode = FALSE
	EndGlobalSection
	GlobalSection(ExtensibilityGlobals) = postSolution
		SolutionGuid = {3C154740-7853-4CFC-95CC-317B1D0F9E57}
	EndGlobalSection
EndGlobal
